
Microsoft Visual Studio Solution File, Format Version 12.00
# Visual Studio Version 17
VisualStudioVersion = 17.9.34622.214
MinimumVisualStudioVersion = 10.0.40219.1
Project("{FAE04EC0-301F-11D3-BF4B-00C04F79EFBC}") = "OneTen", "OneTen\OneTen.csproj", "{1F91441E-D67F-4FEA-B923-954FB922F3CE}"
EndProject
Global
	GlobalSection(SolutionConfigurationPlatforms) = preSolution
		Debug|Any CPU = Debug|Any CPU
		Release|Any CPU = Release|Any CPU
	EndGlobalSection
	GlobalSection(ProjectConfigurationPlatforms) = postSolution
		{1F91441E-D67F-4FEA-B923-954FB922F3CE}.Debug|Any CPU.ActiveCfg = Debug|Any CPU
		{1F91441E-D67F-4FEA-B923-954FB922F3CE}.Debug|Any CPU.Build.0 = Debug|Any CPU
		{1F91441E-D67F-4FEA-B923-954FB922F3CE}.Release|Any CPU.ActiveCfg = Release|Any CPU
		{1F91441E-D67F-4FEA-B923-954FB922F3CE}.Release|Any CPU.Build.0 = Release|Any CPU
	EndGlobalSection
	GlobalSection(SolutionProperties) = preSolution
		HideSolutionNode = FALSE
	EndGlobalSection
	GlobalSection(ExtensibilityGlobals) = postSolution
		SolutionGuid = {A376ACAD-22A5-409A-947E-0D8AF0AEF08C}
	EndGlobalSection
EndGlobal
